// !$*UTF8*$!
{
	archiveVersion = 1;
	classes = {
	};
	objectVersion = 50;
	objects = {

/* Begin PBXBuildFile section */
		F3676857208FB5E1006298E8 /* AppDelegate.swift in Sources */ = {isa = PBXBuildFile; fileRef = F3676856208FB5E1006298E8 /* AppDelegate.swift */; };
		F3676859208FB5E1006298E8 /* ViewController.swift in Sources */ = {isa = PBXBuildFile; fileRef = F3676858208FB5E1006298E8 /* ViewController.swift */; };
		F367685C208FB5E1006298E8 /* Main.storyboard in Resources */ = {isa = PBXBuildFile; fileRef = F367685A208FB5E1006298E8 /* Main.storyboard */; };
		F367685E208FB5E2006298E8 /* Assets.xcassets in Resources */ = {isa = PBXBuildFile; fileRef = F367685D208FB5E2006298E8 /* Assets.xcassets */; };
		F3676861208FB5E2006298E8 /* LaunchScreen.storyboard in Resources */ = {isa = PBXBuildFile; fileRef = F367685F208FB5E2006298E8 /* LaunchScreen.storyboard */; };
		F367686C208FB5E2006298E8 /* SpeechToTextTests.swift in Sources */ = {isa = PBXBuildFile; fileRef = F367686B208FB5E2006298E8 /* SpeechToTextTests.swift */; };
		F3676877208FB5E2006298E8 /* SpeechToTextUITests.swift in Sources */ = {isa = PBXBuildFile; fileRef = F3676876208FB5E2006298E8 /* SpeechToTextUITests.swift */; };
		F3676885208FDDBE006298E8 /* prueba.mp3 in Resources */ = {isa = PBXBuildFile; fileRef = F3676884208FDDBE006298E8 /* prueba.mp3 */; };
/* End PBXBuildFile section */

/* Begin PBXContainerItemProxy section */
		F3676868208FB5E2006298E8 /* PBXContainerItemProxy */ = {
			isa = PBXContainerItemProxy;
			containerPortal = F367684B208FB5E1006298E8 /* Project object */;
			proxyType = 1;
			remoteGlobalIDString = F3676852208FB5E1006298E8;
			remoteInfo = SpeechToText;
		};
		F3676873208FB5E2006298E8 /* PBXContainerItemProxy */ = {
			isa = PBXContainerItemProxy;
			containerPortal = F367684B208FB5E1006298E8 /* Project object */;
			proxyType = 1;
			remoteGlobalIDString = F3676852208FB5E1006298E8;
			remoteInfo = SpeechToText;
		};
/* End PBXContainerItemProxy section */

/* Begin PBXFileReference section */
		F3676853208FB5E1006298E8 /* SpeechToText.app */ = {isa = PBXFileReference; explicitFileType = wrapper.application; includeInIndex = 0; path = SpeechToText.app; sourceTree = BUILT_PRODUCTS_DIR; };
		F3676856208FB5E1006298E8 /* AppDelegate.swift */ = {isa = PBXFileReference; lastKnownFileType = sourcecode.swift; path = AppDelegate.swift; sourceTree = "<group>"; };
		F3676858208FB5E1006298E8 /* ViewController.swift */ = {isa = PBXFileReference; lastKnownFileType = sourcecode.swift; path = ViewController.swift; sourceTree = "<group>"; };
		F367685B208FB5E1006298E8 /* Base */ = {isa = PBXFileReference; lastKnownFileType = file.storyboard; name = Base; path = Base.lproj/Main.storyboard; sourceTree = "<group>"; };
		F367685D208FB5E2006298E8 /* Assets.xcassets */ = {isa = PBXFileReference; lastKnownFileType = folder.assetcatalog; path = Assets.xcassets; sourceTree = "<group>"; };
		F3676860208FB5E2006298E8 /* Base */ = {isa = PBXFileReference; lastKnownFileType = file.storyboard; name = Base; path = Base.lproj/LaunchScreen.storyboard; sourceTree = "<group>"; };
		F3676862208FB5E2006298E8 /* Info.plist */ = {isa = PBXFileReference; lastKnownFileType = text.plist.xml; path = Info.plist; sourceTree = "<group>"; };
		F3676867208FB5E2006298E8 /* SpeechToTextTests.xctest */ = {isa = PBXFileReference; explicitFileType = wrapper.cfbundle; includeInIndex = 0; path = SpeechToTextTests.xctest; sourceTree = BUILT_PRODUCTS_DIR; };
		F367686B208FB5E2006298E8 /* SpeechToTextTests.swift */ = {isa = PBXFileReference; lastKnownFileType = sourcecode.swift; path = SpeechToTextTests.swift; sourceTree = "<group>"; };
		F367686D208FB5E2006298E8 /* Info.plist */ = {isa = PBXFileReference; lastKnownFileType = text.plist.xml; path = Info.plist; sourceTree = "<group>"; };
		F3676872208FB5E2006298E8 /* SpeechToTextUITests.xctest */ = {isa = PBXFileReference; explicitFileType = wrapper.cfbundle; includeInIndex = 0; path = SpeechToTextUITests.xctest; sourceTree = BUILT_PRODUCTS_DIR; };
		F3676876208FB5E2006298E8 /* SpeechToTextUITests.swift */ = {isa = PBXFileReference; lastKnownFileType = sourcecode.swift; path = SpeechToTextUITests.swift; sourceTree = "<group>"; };
		F3676878208FB5E2006298E8 /* Info.plist */ = {isa = PBXFileReference; lastKnownFileType = text.plist.xml; path = Info.plist; sourceTree = "<group>"; };
		F3676884208FDDBE006298E8 /* prueba.mp3 */ = {isa = PBXFileReference; lastKnownFileType = audio.mp3; path = prueba.mp3; sourceTree = "<group>"; };
/* End PBXFileReference section */

/* Begin PBXFrameworksBuildPhase section */
		F3676850208FB5E1006298E8 /* Frameworks */ = {
			isa = PBXFrameworksBuildPhase;
			buildActionMask = 2147483647;
			files = (
			);
			runOnlyForDeploymentPostprocessing = 0;
		};
		F3676864208FB5E2006298E8 /* Frameworks */ = {
			isa = PBXFrameworksBuildPhase;
			buildActionMask = 2147483647;
			files = (
			);
			runOnlyForDeploymentPostprocessing = 0;
		};
		F367686F208FB5E2006298E8 /* Frameworks */ = {
			isa = PBXFrameworksBuildPhase;
			buildActionMask = 2147483647;
			files = (
			);
			runOnlyForDeploymentPostprocessing = 0;
		};
/* End PBXFrameworksBuildPhase section */

/* Begin PBXGroup section */
		F367684A208FB5E1006298E8 = {
			isa = PBXGroup;
			children = (
				F3676855208FB5E1006298E8 /* SpeechToText */,
				F367686A208FB5E2006298E8 /* SpeechToTextTests */,
				F3676875208FB5E2006298E8 /* SpeechToTextUITests */,
				F3676854208FB5E1006298E8 /* Products */,
			);
			sourceTree = "<group>";
		};
		F3676854208FB5E1006298E8 /* Products */ = {
			isa = PBXGroup;
			children = (
				F3676853208FB5E1006298E8 /* SpeechToText.app */,
				F3676867208FB5E2006298E8 /* SpeechToTextTests.xctest */,
				F3676872208FB5E2006298E8 /* SpeechToTextUITests.xctest */,
			);
			name = Products;
			sourceTree = "<group>";
		};
		F3676855208FB5E1006298E8 /* SpeechToText */ = {
			isa = PBXGroup;
			children = (
				F3676856208FB5E1006298E8 /* AppDelegate.swift */,
				F3676858208FB5E1006298E8 /* ViewController.swift */,
				F367685A208FB5E1006298E8 /* Main.storyboard */,
				F3676884208FDDBE006298E8 /* prueba.mp3 */,
				F367685D208FB5E2006298E8 /* Assets.xcassets */,
				F367685F208FB5E2006298E8 /* LaunchScreen.storyboard */,
				F3676862208FB5E2006298E8 /* Info.plist */,
			);
			path = SpeechToText;
			sourceTree = "<group>";
		};
		F367686A208FB5E2006298E8 /* SpeechToTextTests */ = {
			isa = PBXGroup;
			children = (
				F367686B208FB5E2006298E8 /* SpeechToTextTests.swift */,
				F367686D208FB5E2006298E8 /* Info.plist */,
			);
			path = SpeechToTextTests;
			sourceTree = "<group>";
		};
		F3676875208FB5E2006298E8 /* SpeechToTextUITests */ = {
			isa = PBXGroup;
			children = (
				F3676876208FB5E2006298E8 /* SpeechToTextUITests.swift */,
				F3676878208FB5E2006298E8 /* Info.plist */,
			);
			path = SpeechToTextUITests;
			sourceTree = "<group>";
		};
/* End PBXGroup section */

/* Begin PBXNativeTarget section */
		F3676852208FB5E1006298E8 /* SpeechToText */ = {
			isa = PBXNativeTarget;
			buildConfigurationList = F367687B208FB5E2006298E8 /* Build configuration list for PBXNativeTarget "SpeechToText" */;
			buildPhases = (
				F367684F208FB5E1006298E8 /* Sources */,
				F3676850208FB5E1006298E8 /* Frameworks */,
				F3676851208FB5E1006298E8 /* Resources */,
			);
			buildRules = (
			);
			dependencies = (
			);
			name = SpeechToText;
			productName = SpeechToText;
			productReference = F3676853208FB5E1006298E8 /* SpeechToText.app */;
			productType = "com.apple.product-type.application";
		};
		F3676866208FB5E2006298E8 /* SpeechToTextTests */ = {
			isa = PBXNativeTarget;
			buildConfigurationList = F367687E208FB5E2006298E8 /* Build configuration list for PBXNativeTarget "SpeechToTextTests" */;
			buildPhases = (
				F3676863208FB5E2006298E8 /* Sources */,
				F3676864208FB5E2006298E8 /* Frameworks */,
				F3676865208FB5E2006298E8 /* Resources */,
			);
			buildRules = (
			);
			dependencies = (
				F3676869208FB5E2006298E8 /* PBXTargetDependency */,
			);
			name = SpeechToTextTests;
			productName = SpeechToTextTests;
			productReference = F3676867208FB5E2006298E8 /* SpeechToTextTests.xctest */;
			productType = "com.apple.product-type.bundle.unit-test";
		};
		F3676871208FB5E2006298E8 /* SpeechToTextUITests */ = {
			isa = PBXNativeTarget;
			buildConfigurationList = F3676881208FB5E2006298E8 /* Build configuration list for PBXNativeTarget "SpeechToTextUITests" */;
			buildPhases = (
				F367686E208FB5E2006298E8 /* Sources */,
				F367686F208FB5E2006298E8 /* Frameworks */,
				F3676870208FB5E2006298E8 /* Resources */,
			);
			buildRules = (
			);
			dependencies = (
				F3676874208FB5E2006298E8 /* PBXTargetDependency */,
			);
			name = SpeechToTextUITests;
			productName = SpeechToTextUITests;
			productReference = F3676872208FB5E2006298E8 /* SpeechToTextUITests.xctest */;
			productType = "com.apple.product-type.bundle.ui-testing";
		};
/* End PBXNativeTarget section */

/* Begin PBXProject section */
		F367684B208FB5E1006298E8 /* Project object */ = {
			isa = PBXProject;
			attributes = {
				LastSwiftUpdateCheck = 0930;
				LastUpgradeCheck = 0930;
				ORGANIZATIONNAME = davidMar;
				TargetAttributes = {
					F3676852208FB5E1006298E8 = {
						CreatedOnToolsVersion = 9.3;
					};
					F3676866208FB5E2006298E8 = {
						CreatedOnToolsVersion = 9.3;
						TestTargetID = F3676852208FB5E1006298E8;
					};
					F3676871208FB5E2006298E8 = {
						CreatedOnToolsVersion = 9.3;
						TestTargetID = F3676852208FB5E1006298E8;
					};
				};
			};
			buildConfigurationList = F367684E208FB5E1006298E8 /* Build configuration list for PBXProject "SpeechToText" */;
			compatibilityVersion = "Xcode 9.3";
			developmentRegion = en;
			hasScannedForEncodings = 0;
			knownRegions = (
				en,
				Base,
			);
			mainGroup = F367684A208FB5E1006298E8;
			productRefGroup = F3676854208FB5E1006298E8 /* Products */;
			projectDirPath = "";
			projectRoot = "";
			targets = (
				F3676852208FB5E1006298E8 /* SpeechToText */,
				F3676866208FB5E2006298E8 /* SpeechToTextTests */,
				F3676871208FB5E2006298E8 /* SpeechToTextUITests */,
			);
		};
/* End PBXProject section */

/* Begin PBXResourcesBuildPhase section */
		F3676851208FB5E1006298E8 /* Resources */ = {
			isa = PBXResourcesBuildPhase;
			buildActionMask = 2147483647;
			files = (
				F3676861208FB5E2006298E8 /* LaunchScreen.storyboard in Resources */,
				F367685E208FB5E2006298E8 /* Assets.xcassets in Resources */,
				F367685C208FB5E1006298E8 /* Main.storyboard in Resources */,
				F3676885208FDDBE006298E8 /* prueba.mp3 in Resources */,
			);
			runOnlyForDeploymentPostprocessing = 0;
		};
		F3676865208FB5E2006298E8 /* Resources */ = {
			isa = PBXResourcesBuildPhase;
			buildActionMask = 2147483647;
			files = (
			);
			runOnlyForDeploymentPostprocessing = 0;
		};
		F3676870208FB5E2006298E8 /* Resources */ = {
			isa = PBXResourcesBuildPhase;
			buildActionMask = 2147483647;
			files = (
			);
			runOnlyForDeploymentPostprocessing = 0;
		};
/* End PBXResourcesBuildPhase section */

/* Begin PBXSourcesBuildPhase section */
		F367684F208FB5E1006298E8 /* Sources */ = {
			isa = PBXSourcesBuildPhase;
			buildActionMask = 2147483647;
			files = (
				F3676859208FB5E1006298E8 /* ViewController.swift in Sources */,
				F3676857208FB5E1006298E8 /* AppDelegate.swift in Sources */,
			);
			runOnlyForDeploymentPostprocessing = 0;
		};
		F3676863208FB5E2006298E8 /* Sources */ = {
			isa = PBXSourcesBuildPhase;
			buildActionMask = 2147483647;
			files = (
				F367686C208FB5E2006298E8 /* SpeechToTextTests.swift in Sources */,
			);
			runOnlyForDeploymentPostprocessing = 0;
		};
		F367686E208FB5E2006298E8 /* Sources */ = {
			isa = PBXSourcesBuildPhase;
			buildActionMask = 2147483647;
			files = (
				F3676877208FB5E2006298E8 /* SpeechToTextUITests.swift in Sources */,
			);
			runOnlyForDeploymentPostprocessing = 0;
		};
/* End PBXSourcesBuildPhase section */

/* Begin PBXTargetDependency section */
		F3676869208FB5E2006298E8 /* PBXTargetDependency */ = {
			isa = PBXTargetDependency;
			target = F3676852208FB5E1006298E8 /* SpeechToText */;
			targetProxy = F3676868208FB5E2006298E8 /* PBXContainerItemProxy */;
		};
		F3676874208FB5E2006298E8 /* PBXTargetDependency */ = {
			isa = PBXTargetDependency;
			target = F3676852208FB5E1006298E8 /* SpeechToText */;
			targetProxy = F3676873208FB5E2006298E8 /* PBXContainerItemProxy */;
		};
/* End PBXTargetDependency section */

/* Begin PBXVariantGroup section */
		F367685A208FB5E1006298E8 /* Main.storyboard */ = {
			isa = PBXVariantGroup;
			children = (
				F367685B208FB5E1006298E8 /* Base */,
			);
			name = Main.storyboard;
			sourceTree = "<group>";
		};
		F367685F208FB5E2006298E8 /* LaunchScreen.storyboard */ = {
			isa = PBXVariantGroup;
			children = (
				F3676860208FB5E2006298E8 /* Base */,
			);
			name = LaunchScreen.storyboard;
			sourceTree = "<group>";
		};
/* End PBXVariantGroup section */

/* Begin XCBuildConfiguration section */
		F3676879208FB5E2006298E8 /* Debug */ = {
			isa = XCBuildConfiguration;
			buildSettings = {
				ALWAYS_SEARCH_USER_PATHS = NO;
				CLANG_ANALYZER_NONNULL = YES;
				CLANG_ANALYZER_NUMBER_OBJECT_CONVERSION = YES_AGGRESSIVE;
				CLANG_CXX_LANGUAGE_STANDARD = "gnu++14";
				CLANG_CXX_LIBRARY = "libc++";
				CLANG_ENABLE_MODULES = YES;
				CLANG_ENABLE_OBJC_ARC = YES;
				CLANG_ENABLE_OBJC_WEAK = YES;
				CLANG_WARN_BLOCK_CAPTURE_AUTORELEASING = YES;
				CLANG_WARN_BOOL_CONVERSION = YES;
				CLANG_WARN_COMMA = YES;
				CLANG_WARN_CONSTANT_CONVERSION = YES;
				CLANG_WARN_DEPRECATED_OBJC_IMPLEMENTATIONS = YES;
				CLANG_WARN_DIRECT_OBJC_ISA_USAGE = YES_ERROR;
				CLANG_WARN_DOCUMENTATION_COMMENTS = YES;
				CLANG_WARN_EMPTY_BODY = YES;
				CLANG_WARN_ENUM_CONVERSION = YES;
				CLANG_WARN_INFINITE_RECURSION = YES;
				CLANG_WARN_INT_CONVERSION = YES;
				CLANG_WARN_NON_LITERAL_NULL_CONVERSION = YES;
				CLANG_WARN_OBJC_IMPLICIT_RETAIN_SELF = YES;
				CLANG_WARN_OBJC_LITERAL_CONVERSION = YES;
				CLANG_WARN_OBJC_ROOT_CLASS = YES_ERROR;
				CLANG_WARN_RANGE_LOOP_ANALYSIS = YES;
				CLANG_WARN_STRICT_PROTOTYPES = YES;
				CLANG_WARN_SUSPICIOUS_MOVE = YES;
				CLANG_WARN_UNGUARDED_AVAILABILITY = YES_AGGRESSIVE;
				CLANG_WARN_UNREACHABLE_CODE = YES;
				CLANG_WARN__DUPLICATE_METHOD_MATCH = YES;
				CODE_SIGN_IDENTITY = "iPhone Developer";
				COPY_PHASE_STRIP = NO;
				DEBUG_INFORMATION_FORMAT = dwarf;
				ENABLE_STRICT_OBJC_MSGSEND = YES;
				ENABLE_TESTABILITY = YES;
				GCC_C_LANGUAGE_STANDARD = gnu11;
				GCC_DYNAMIC_NO_PIC = NO;
				GCC_NO_COMMON_BLOCKS = YES;
				GCC_OPTIMIZATION_LEVEL = 0;
				GCC_PREPROCESSOR_DEFINITIONS = (
					"DEBUG=1",
					"$(inherited)",
				);
				GCC_WARN_64_TO_32_BIT_CONVERSION = YES;
				GCC_WARN_ABOUT_RETURN_TYPE = YES_ERROR;
				GCC_WARN_UNDECLARED_SELECTOR = YES;
				GCC_WARN_UNINITIALIZED_AUTOS = YES_AGGRESSIVE;
				GCC_WARN_UNUSED_FUNCTION = YES;
				GCC_WARN_UNUSED_VARIABLE = YES;
				IPHONEOS_DEPLOYMENT_TARGET = 11.3;
				MTL_ENABLE_DEBUG_INFO = YES;
				ONLY_ACTIVE_ARCH = YES;
				SDKROOT = iphoneos;
				SWIFT_ACTIVE_COMPILATION_CONDITIONS = DEBUG;
				SWIFT_OPTIMIZATION_LEVEL = "-Onone";
			};
			name = Debug;
		};
		F367687A208FB5E2006298E8 /* Release */ = {
			isa = XCBuildConfiguration;
			buildSettings = {
				ALWAYS_SEARCH_USER_PATHS = NO;
				CLANG_ANALYZER_NONNULL = YES;
				CLANG_ANALYZER_NUMBER_OBJECT_CONVERSION = YES_AGGRESSIVE;
				CLANG_CXX_LANGUAGE_STANDARD = "gnu++14";
				CLANG_CXX_LIBRARY = "libc++";
				CLANG_ENABLE_MODULES = YES;
				CLANG_ENABLE_OBJC_ARC = YES;
				CLANG_ENABLE_OBJC_WEAK = YES;
				CLANG_WARN_BLOCK_CAPTURE_AUTORELEASING = YES;
				CLANG_WARN_BOOL_CONVERSION = YES;
				CLANG_WARN_COMMA = YES;
				CLANG_WARN_CONSTANT_CONVERSION = YES;
				CLANG_WARN_DEPRECATED_OBJC_IMPLEMENTATIONS = YES;
				CLANG_WARN_DIRECT_OBJC_ISA_USAGE = YES_ERROR;
				CLANG_WARN_DOCUMENTATION_COMMENTS = YES;
				CLANG_WARN_EMPTY_BODY = YES;
				CLANG_WARN_ENUM_CONVERSION = YES;
				CLANG_WARN_INFINITE_RECURSION = YES;
				CLANG_WARN_INT_CONVERSION = YES;
				CLANG_WARN_NON_LITERAL_NULL_CONVERSION = YES;
				CLANG_WARN_OBJC_IMPLICIT_RETAIN_SELF = YES;
				CLANG_WARN_OBJC_LITERAL_CONVERSION = YES;
				CLANG_WARN_OBJC_ROOT_CLASS = YES_ERROR;
				CLANG_WARN_RANGE_LOOP_ANALYSIS = YES;
				CLANG_WARN_STRICT_PROTOTYPES = YES;
				CLANG_WARN_SUSPICIOUS_MOVE = YES;
				CLANG_WARN_UNGUARDED_AVAILABILITY = YES_AGGRESSIVE;
				CLANG_WARN_UNREACHABLE_CODE = YES;
				CLANG_WARN__DUPLICATE_METHOD_MATCH = YES;
				CODE_SIGN_IDENTITY = "iPhone Developer";
				COPY_PHASE_STRIP = NO;
				DEBUG_INFORMATION_FORMAT = "dwarf-with-dsym";
				ENABLE_NS_ASSERTIONS = NO;
				ENABLE_STRICT_OBJC_MSGSEND = YES;
				GCC_C_LANGUAGE_STANDARD = gnu11;
				GCC_NO_COMMON_BLOCKS = YES;
				GCC_WARN_64_TO_32_BIT_CONVERSION = YES;
				GCC_WARN_ABOUT_RETURN_TYPE = YES_ERROR;
				GCC_WARN_UNDECLARED_SELECTOR = YES;
				GCC_WARN_UNINITIALIZED_AUTOS = YES_AGGRESSIVE;
				GCC_WARN_UNUSED_FUNCTION = YES;
				GCC_WARN_UNUSED_VARIABLE = YES;
				IPHONEOS_DEPLOYMENT_TARGET = 11.3;
				MTL_ENABLE_DEBUG_INFO = NO;
				SDKROOT = iphoneos;
				SWIFT_COMPILATION_MODE = wholemodule;
				SWIFT_OPTIMIZATION_LEVEL = "-O";
				VALIDATE_PRODUCT = YES;
			};
			name = Release;
		};
		F367687C208FB5E2006298E8 /* Debug */ = {
			isa = XCBuildConfiguration;
			buildSettings = {
				ASSETCATALOG_COMPILER_APPICON_NAME = AppIcon;
				CODE_SIGN_STYLE = Automatic;
				DEVELOPMENT_TEAM = 8MS87H3FQ4;
				INFOPLIST_FILE = SpeechToText/Info.plist;
				LD_RUNPATH_SEARCH_PATHS = (
					"$(inherited)",
					"@executable_path/Frameworks",
				);
				PRODUCT_BUNDLE_IDENTIFIER = davidMar.SpeechToText;
				PRODUCT_NAME = "$(TARGET_NAME)";
				SWIFT_VERSION = 4.0;
				TARGETED_DEVICE_FAMILY = "1,2";
			};
			name = Debug;
		};
		F367687D208FB5E2006298E8 /* Release */ = {
			isa = XCBuildConfiguration;
			buildSettings = {
				ASSETCATALOG_COMPILER_APPICON_NAME = AppIcon;
				CODE_SIGN_STYLE = Automatic;
				DEVELOPMENT_TEAM = 8MS87H3FQ4;
				INFOPLIST_FILE = SpeechToText/Info.plist;
				LD_RUNPATH_SEARCH_PATHS = (
					"$(inherited)",
					"@executable_path/Frameworks",
				);
				PRODUCT_BUNDLE_IDENTIFIER = davidMar.SpeechToText;
				PRODUCT_NAME = "$(TARGET_NAME)";
				SWIFT_VERSION = 4.0;
				TARGETED_DEVICE_FAMILY = "1,2";
			};
			name = Release;
		};
		F367687F208FB5E2006298E8 /* Debug */ = {
			isa = XCBuildConfiguration;
			buildSettings = {
				ALWAYS_EMBED_SWIFT_STANDARD_LIBRARIES = YES;
				BUNDLE_LOADER = "$(TEST_HOST)";
				CODE_SIGN_STYLE = Automatic;
				DEVELOPMENT_TEAM = 8MS87H3FQ4;
				INFOPLIST_FILE = SpeechToTextTests/Info.plist;
				LD_RUNPATH_SEARCH_PATHS = (
					"$(inherited)",
					"@executable_path/Frameworks",
					"@loader_path/Frameworks",
				);
				PRODUCT_BUNDLE_IDENTIFIER = davidMar.SpeechToTextTests;
				PRODUCT_NAME = "$(TARGET_NAME)";
				SWIFT_VERSION = 4.0;
				TARGETED_DEVICE_FAMILY = "1,2";
				TEST_HOST = "$(BUILT_PRODUCTS_DIR)/SpeechToText.app/SpeechToText";
			};
			name = Debug;
		};
		F3676880208FB5E2006298E8 /* Release */ = {
			isa = XCBuildConfiguration;
			buildSettings = {
				ALWAYS_EMBED_SWIFT_STANDARD_LIBRARIES = YES;
				BUNDLE_LOADER = "$(TEST_HOST)";
				CODE_SIGN_STYLE = Automatic;
				DEVELOPMENT_TEAM = 8MS87H3FQ4;
				INFOPLIST_FILE = SpeechToTextTests/Info.plist;
				LD_RUNPATH_SEARCH_PATHS = (
					"$(inherited)",
					"@executable_path/Frameworks",
					"@loader_path/Frameworks",
				);
				PRODUCT_BUNDLE_IDENTIFIER = davidMar.SpeechToTextTests;
				PRODUCT_NAME = "$(TARGET_NAME)";
				SWIFT_VERSION = 4.0;
				TARGETED_DEVICE_FAMILY = "1,2";
				TEST_HOST = "$(BUILT_PRODUCTS_DIR)/SpeechToText.app/SpeechToText";
			};
			name = Release;
		};
		F3676882208FB5E2006298E8 /* Debug */ = {
			isa = XCBuildConfiguration;
			buildSettings = {
				ALWAYS_EMBED_SWIFT_STANDARD_LIBRARIES = YES;
				CODE_SIGN_STYLE = Automatic;
				DEVELOPMENT_TEAM = 8MS87H3FQ4;
				INFOPLIST_FILE = SpeechToTextUITests/Info.plist;
				LD_RUNPATH_SEARCH_PATHS = (
					"$(inherited)",
					"@executable_path/Frameworks",
					"@loader_path/Frameworks",
				);
				PRODUCT_BUNDLE_IDENTIFIER = davidMar.SpeechToTextUITests;
				PRODUCT_NAME = "$(TARGET_NAME)";
				SWIFT_VERSION = 4.0;
				TARGETED_DEVICE_FAMILY = "1,2";
				TEST_TARGET_NAME = SpeechToText;
			};
			name = Debug;
		};
		F3676883208FB5E2006298E8 /* Release */ = {
			isa = XCBuildConfiguration;
			buildSettings = {
				ALWAYS_EMBED_SWIFT_STANDARD_LIBRARIES = YES;
				CODE_SIGN_STYLE = Automatic;
				DEVELOPMENT_TEAM = 8MS87H3FQ4;
				INFOPLIST_FILE = SpeechToTextUITests/Info.plist;
				LD_RUNPATH_SEARCH_PATHS = (
					"$(inherited)",
					"@executable_path/Frameworks",
					"@loader_path/Frameworks",
				);
				PRODUCT_BUNDLE_IDENTIFIER = davidMar.SpeechToTextUITests;
				PRODUCT_NAME = "$(TARGET_NAME)";
				SWIFT_VERSION = 4.0;
				TARGETED_DEVICE_FAMILY = "1,2";
				TEST_TARGET_NAME = SpeechToText;
			};
			name = Release;
		};
/* End XCBuildConfiguration section */

/* Begin XCConfigurationList section */
		F367684E208FB5E1006298E8 /* Build configuration list for PBXProject "SpeechToText" */ = {
			isa = XCConfigurationList;
			buildConfigurations = (
				F3676879208FB5E2006298E8 /* Debug */,
				F367687A208FB5E2006298E8 /* Release */,
			);
			defaultConfigurationIsVisible = 0;
			defaultConfigurationName = Release;
		};
		F367687B208FB5E2006298E8 /* Build configuration list for PBXNativeTarget "SpeechToText" */ = {
			isa = XCConfigurationList;
			buildConfigurations = (
				F367687C208FB5E2006298E8 /* Debug */,
				F367687D208FB5E2006298E8 /* Release */,
			);
			defaultConfigurationIsVisible = 0;
			defaultConfigurationName = Release;
		};
		F367687E208FB5E2006298E8 /* Build configuration list for PBXNativeTarget "SpeechToTextTests" */ = {
			isa = XCConfigurationList;
			buildConfigurations = (
				F367687F208FB5E2006298E8 /* Debug */,
				F3676880208FB5E2006298E8 /* Release */,
			);
			defaultConfigurationIsVisible = 0;
			defaultConfigurationName = Release;
		};
		F3676881208FB5E2006298E8 /* Build configuration list for PBXNativeTarget "SpeechToTextUITests" */ = {
			isa = XCConfigurationList;
			buildConfigurations = (
				F3676882208FB5E2006298E8 /* Debug */,
				F3676883208FB5E2006298E8 /* Release */,
			);
			defaultConfigurationIsVisible = 0;
			defaultConfigurationName = Release;
		};
/* End XCConfigurationList section */
	};
	rootObject = F367684B208FB5E1006298E8 /* Project object */;
}
